
Microsoft Visual Studio Solution File, Format Version 12.00
# Visual Studio Version 17
VisualStudioVersion = 17.14.36109.1 d17.14
MinimumVisualStudioVersion = 10.0.40219.1
Project("{FAE04EC0-301F-11D3-BF4B-00C04F79EFBC}") = "P2 GUI", "P2 GUI\P2 GUI.csproj", "{4586FF63-DF04-4416-A675-EE69BEBD0C76}"
EndProject
Global
	GlobalSection(SolutionConfigurationPlatforms) = preSolution
		Debug|Any CPU = Debug|Any CPU
		Release|Any CPU = Release|Any CPU
	EndGlobalSection
	GlobalSection(ProjectConfigurationPlatforms) = postSolution
		{4586FF63-DF04-4416-A675-EE69BEBD0C76}.Debug|Any CPU.ActiveCfg = Debug|Any CPU
		{4586FF63-DF04-4416-A675-EE69BEBD0C76}.Debug|Any CPU.Build.0 = Debug|Any CPU
		{4586FF63-DF04-4416-A675-EE69BEBD0C76}.Release|Any CPU.ActiveCfg = Release|Any CPU
		{4586FF63-DF04-4416-A675-EE69BEBD0C76}.Release|Any CPU.Build.0 = Release|Any CPU
	EndGlobalSection
	GlobalSection(SolutionProperties) = preSolution
		HideSolutionNode = FALSE
	EndGlobalSection
	GlobalSection(ExtensibilityGlobals) = postSolution
		SolutionGuid = {C7D10B33-9954-4E4B-BACE-2DBF19E30CBB}
	EndGlobalSection
EndGlobal
